
Microsoft Visual Studio Solution File, Format Version 12.00
# Visual Studio Version 17
VisualStudioVersion = 17.1.32210.238
MinimumVisualStudioVersion = 10.0.40219.1
Project("{FAE04EC0-301F-11D3-BF4B-00C04F79EFBC}") = "tpmodul4_1302194032", "tpmodul4_1302194032\tpmodul4_1302194032.csproj", "{287801A3-0E2F-4BFF-A0CD-26475C61E741}"
EndProject
Global
	GlobalSection(SolutionConfigurationPlatforms) = preSolution
		Debug|Any CPU = Debug|Any CPU
		Release|Any CPU = Release|Any CPU
	EndGlobalSection
	GlobalSection(ProjectConfigurationPlatforms) = postSolution
		{287801A3-0E2F-4BFF-A0CD-26475C61E741}.Debug|Any CPU.ActiveCfg = Debug|Any CPU
		{287801A3-0E2F-4BFF-A0CD-26475C61E741}.Debug|Any CPU.Build.0 = Debug|Any CPU
		{287801A3-0E2F-4BFF-A0CD-26475C61E741}.Release|Any CPU.ActiveCfg = Release|Any CPU
		{287801A3-0E2F-4BFF-A0CD-26475C61E741}.Release|Any CPU.Build.0 = Release|Any CPU
	EndGlobalSection
	GlobalSection(SolutionProperties) = preSolution
		HideSolutionNode = FALSE
	EndGlobalSection
	GlobalSection(ExtensibilityGlobals) = postSolution
		SolutionGuid = {2F744C58-B7A0-47B8-8D99-0A05C0A95B91}
	EndGlobalSection
EndGlobal
